
Microsoft Visual Studio Solution File, Format Version 12.00
# Visual Studio Version 17
VisualStudioVersion = 17.14.36414.22 d17.14
MinimumVisualStudioVersion = 10.0.40219.1
Project("{FAE04EC0-301F-11D3-BF4B-00C04F79EFBC}") = "C# Health System", "C# Health System\C# Health System.csproj", "{46DBDBB6-F54D-4BFE-9EFB-E7CAC0DE2136}"
EndProject
Global
	GlobalSection(SolutionConfigurationPlatforms) = preSolution
		Debug|Any CPU = Debug|Any CPU
		Release|Any CPU = Release|Any CPU
	EndGlobalSection
	GlobalSection(ProjectConfigurationPlatforms) = postSolution
		{46DBDBB6-F54D-4BFE-9EFB-E7CAC0DE2136}.Debug|Any CPU.ActiveCfg = Debug|Any CPU
		{46DBDBB6-F54D-4BFE-9EFB-E7CAC0DE2136}.Debug|Any CPU.Build.0 = Debug|Any CPU
		{46DBDBB6-F54D-4BFE-9EFB-E7CAC0DE2136}.Release|Any CPU.ActiveCfg = Release|Any CPU
		{46DBDBB6-F54D-4BFE-9EFB-E7CAC0DE2136}.Release|Any CPU.Build.0 = Release|Any CPU
	EndGlobalSection
	GlobalSection(SolutionProperties) = preSolution
		HideSolutionNode = FALSE
	EndGlobalSection
	GlobalSection(ExtensibilityGlobals) = postSolution
		SolutionGuid = {2D8F3D8C-B161-4D0C-9AF0-A063B5FD46B2}
	EndGlobalSection
EndGlobal
